
Microsoft Visual Studio Solution File, Format Version 12.00
# Visual Studio 15
VisualStudioVersion = 15.0.28307.421
MinimumVisualStudioVersion = 10.0.40219.1
Project("{FAE04EC0-301F-11D3-BF4B-00C04F79EFBC}") = "POSWeb", "POSWeb\POSWeb.csproj", "{21920403-AC83-4964-B735-E338FB3FD266}"
EndProject
Project("{FAE04EC0-301F-11D3-BF4B-00C04F79EFBC}") = "ConsoleApp1", "ConsoleApp1\ConsoleApp1.csproj", "{5A06C18D-128E-4BF8-A638-F0A0B31CFE59}"
EndProject
Global
	GlobalSection(SolutionConfigurationPlatforms) = preSolution
		Debug|Any CPU = Debug|Any CPU
		Release|Any CPU = Release|Any CPU
	EndGlobalSection
	GlobalSection(ProjectConfigurationPlatforms) = postSolution
		{21920403-AC83-4964-B735-E338FB3FD266}.Debug|Any CPU.ActiveCfg = Debug|Any CPU
		{21920403-AC83-4964-B735-E338FB3FD266}.Debug|Any CPU.Build.0 = Debug|Any CPU
		{21920403-AC83-4964-B735-E338FB3FD266}.Release|Any CPU.ActiveCfg = Release|Any CPU
		{21920403-AC83-4964-B735-E338FB3FD266}.Release|Any CPU.Build.0 = Release|Any CPU
		{5A06C18D-128E-4BF8-A638-F0A0B31CFE59}.Debug|Any CPU.ActiveCfg = Debug|Any CPU
		{5A06C18D-128E-4BF8-A638-F0A0B31CFE59}.Debug|Any CPU.Build.0 = Debug|Any CPU
		{5A06C18D-128E-4BF8-A638-F0A0B31CFE59}.Release|Any CPU.ActiveCfg = Release|Any CPU
		{5A06C18D-128E-4BF8-A638-F0A0B31CFE59}.Release|Any CPU.Build.0 = Release|Any CPU
	EndGlobalSection
	GlobalSection(SolutionProperties) = preSolution
		HideSolutionNode = FALSE
	EndGlobalSection
	GlobalSection(ExtensibilityGlobals) = postSolution
		SolutionGuid = {1947648A-C81D-461E-BA62-878FC2E3BB22}
	EndGlobalSection
EndGlobal
